
Microsoft Visual Studio Solution File, Format Version 12.00
# Visual Studio Version 17
VisualStudioVersion = 17.5.33627.172
MinimumVisualStudioVersion = 10.0.40219.1
Project("{9A19103F-16F7-4668-BE54-9A1E7A4F7556}") = "01.Reverse a String", "01.Reverse a String\01.Reverse a String.csproj", "{C4880FBF-2FFF-4820-B634-AEFEF188F44E}"
EndProject
Project("{9A19103F-16F7-4668-BE54-9A1E7A4F7556}") = "02.Stack Sum", "02.Stack Sum\02.Stack Sum.csproj", "{0DC8AEE5-8F13-4DB9-A42C-9B9FF0526947}"
EndProject
Project("{9A19103F-16F7-4668-BE54-9A1E7A4F7556}") = "03.Simple Calculator", "03.Simple Calculator\03.Simple Calculator.csproj", "{A8B9D284-E1E4-4CC8-8422-181DCE0978E6}"
EndProject
Project("{FAE04EC0-301F-11D3-BF4B-00C04F79EFBC}") = "04.Matching Brackets", "04.Matching Brackets\04.Matching Brackets.csproj", "{8D991C12-64B3-48DF-B122-F3D7F44676DA}"
EndProject
Project("{FAE04EC0-301F-11D3-BF4B-00C04F79EFBC}") = "05.Print Even Numbers", "05.Print Even Numbers\05.Print Even Numbers.csproj", "{94615780-CA15-4708-8E1E-0CA2439F133F}"
EndProject
Project("{FAE04EC0-301F-11D3-BF4B-00C04F79EFBC}") = "06.Supermarket", "06.Supermarket\06.Supermarket.csproj", "{EE77E754-A7DA-471A-9AE0-079032E3F9E3}"
EndProject
Project("{FAE04EC0-301F-11D3-BF4B-00C04F79EFBC}") = "07.Hot Potato", "07.Hot Potato\07.Hot Potato.csproj", "{0500EE59-18AD-4EB6-BEB0-A2775E455192}"
EndProject
Project("{FAE04EC0-301F-11D3-BF4B-00C04F79EFBC}") = "08.Traffic Jam", "08.Traffic Jam\08.Traffic Jam.csproj", "{67D91AE7-D8C5-4EAF-9E84-AB517C00576F}"
EndProject
Global
	GlobalSection(SolutionConfigurationPlatforms) = preSolution
		Debug|Any CPU = Debug|Any CPU
		Release|Any CPU = Release|Any CPU
	EndGlobalSection
	GlobalSection(ProjectConfigurationPlatforms) = postSolution
		{C4880FBF-2FFF-4820-B634-AEFEF188F44E}.Debug|Any CPU.ActiveCfg = Debug|Any CPU
		{C4880FBF-2FFF-4820-B634-AEFEF188F44E}.Debug|Any CPU.Build.0 = Debug|Any CPU
		{C4880FBF-2FFF-4820-B634-AEFEF188F44E}.Release|Any CPU.ActiveCfg = Release|Any CPU
		{C4880FBF-2FFF-4820-B634-AEFEF188F44E}.Release|Any CPU.Build.0 = Release|Any CPU
		{0DC8AEE5-8F13-4DB9-A42C-9B9FF0526947}.Debug|Any CPU.ActiveCfg = Debug|Any CPU
		{0DC8AEE5-8F13-4DB9-A42C-9B9FF0526947}.Debug|Any CPU.Build.0 = Debug|Any CPU
		{0DC8AEE5-8F13-4DB9-A42C-9B9FF0526947}.Release|Any CPU.ActiveCfg = Release|Any CPU
		{0DC8AEE5-8F13-4DB9-A42C-9B9FF0526947}.Release|Any CPU.Build.0 = Release|Any CPU
		{A8B9D284-E1E4-4CC8-8422-181DCE0978E6}.Debug|Any CPU.ActiveCfg = Debug|Any CPU
		{A8B9D284-E1E4-4CC8-8422-181DCE0978E6}.Debug|Any CPU.Build.0 = Debug|Any CPU
		{A8B9D284-E1E4-4CC8-8422-181DCE0978E6}.Release|Any CPU.ActiveCfg = Release|Any CPU
		{A8B9D284-E1E4-4CC8-8422-181DCE0978E6}.Release|Any CPU.Build.0 = Release|Any CPU
		{8D991C12-64B3-48DF-B122-F3D7F44676DA}.Debug|Any CPU.ActiveCfg = Debug|Any CPU
		{8D991C12-64B3-48DF-B122-F3D7F44676DA}.Debug|Any CPU.Build.0 = Debug|Any CPU
		{8D991C12-64B3-48DF-B122-F3D7F44676DA}.Release|Any CPU.ActiveCfg = Release|Any CPU
		{8D991C12-64B3-48DF-B122-F3D7F44676DA}.Release|Any CPU.Build.0 = Release|Any CPU
		{94615780-CA15-4708-8E1E-0CA2439F133F}.Debug|Any CPU.ActiveCfg = Debug|Any CPU
		{94615780-CA15-4708-8E1E-0CA2439F133F}.Debug|Any CPU.Build.0 = Debug|Any CPU
		{94615780-CA15-4708-8E1E-0CA2439F133F}.Release|Any CPU.ActiveCfg = Release|Any CPU
		{94615780-CA15-4708-8E1E-0CA2439F133F}.Release|Any CPU.Build.0 = Release|Any CPU
		{EE77E754-A7DA-471A-9AE0-079032E3F9E3}.Debug|Any CPU.ActiveCfg = Debug|Any CPU
		{EE77E754-A7DA-471A-9AE0-079032E3F9E3}.Debug|Any CPU.Build.0 = Debug|Any CPU
		{EE77E754-A7DA-471A-9AE0-079032E3F9E3}.Release|Any CPU.ActiveCfg = Release|Any CPU
		{EE77E754-A7DA-471A-9AE0-079032E3F9E3}.Release|Any CPU.Build.0 = Release|Any CPU
		{0500EE59-18AD-4EB6-BEB0-A2775E455192}.Debug|Any CPU.ActiveCfg = Debug|Any CPU
		{0500EE59-18AD-4EB6-BEB0-A2775E455192}.Debug|Any CPU.Build.0 = Debug|Any CPU
		{0500EE59-18AD-4EB6-BEB0-A2775E455192}.Release|Any CPU.ActiveCfg = Release|Any CPU
		{0500EE59-18AD-4EB6-BEB0-A2775E455192}.Release|Any CPU.Build.0 = Release|Any CPU
		{67D91AE7-D8C5-4EAF-9E84-AB517C00576F}.Debug|Any CPU.ActiveCfg = Debug|Any CPU
		{67D91AE7-D8C5-4EAF-9E84-AB517C00576F}.Debug|Any CPU.Build.0 = Debug|Any CPU
		{67D91AE7-D8C5-4EAF-9E84-AB517C00576F}.Release|Any CPU.ActiveCfg = Release|Any CPU
		{67D91AE7-D8C5-4EAF-9E84-AB517C00576F}.Release|Any CPU.Build.0 = Release|Any CPU
	EndGlobalSection
	GlobalSection(SolutionProperties) = preSolution
		HideSolutionNode = FALSE
	EndGlobalSection
	GlobalSection(ExtensibilityGlobals) = postSolution
		SolutionGuid = {04C1C2E4-3408-41C6-9C17-3909337C5A7E}
	EndGlobalSection
EndGlobal
