
Microsoft Visual Studio Solution File, Format Version 12.00
# Visual Studio Version 17
VisualStudioVersion = 17.5.33627.172
MinimumVisualStudioVersion = 10.0.40219.1
Project("{FAE04EC0-301F-11D3-BF4B-00C04F79EFBC}") = "SortEvenNumbers", "SortEvenNumbers\SortEvenNumbers.csproj", "{4029C605-ACAD-44F7-8207-D9D269A8933A}"
EndProject
Project("{FAE04EC0-301F-11D3-BF4B-00C04F79EFBC}") = "SumNumbers", "SumNumbers\SumNumbers.csproj", "{10DCB874-6779-4513-B74C-932887BB0F3D}"
EndProject
Project("{FAE04EC0-301F-11D3-BF4B-00C04F79EFBC}") = "CountUppercaseWords", "CountUppercaseWords\CountUppercaseWords.csproj", "{86C404DE-B7BD-4D60-B78C-EC0DBF098CF3}"
EndProject
Project("{FAE04EC0-301F-11D3-BF4B-00C04F79EFBC}") = "AddVAT", "AddVAT\AddVAT.csproj", "{92BF2D78-EC2E-45A7-B8FF-8DDC89A6785D}"
EndProject
Project("{FAE04EC0-301F-11D3-BF4B-00C04F79EFBC}") = "FilterByAge", "FilterByAge\FilterByAge.csproj", "{CD307E46-AD24-4FEE-8494-D6061EADE6B9}"
EndProject
Global
	GlobalSection(SolutionConfigurationPlatforms) = preSolution
		Debug|Any CPU = Debug|Any CPU
		Release|Any CPU = Release|Any CPU
	EndGlobalSection
	GlobalSection(ProjectConfigurationPlatforms) = postSolution
		{4029C605-ACAD-44F7-8207-D9D269A8933A}.Debug|Any CPU.ActiveCfg = Debug|Any CPU
		{4029C605-ACAD-44F7-8207-D9D269A8933A}.Debug|Any CPU.Build.0 = Debug|Any CPU
		{4029C605-ACAD-44F7-8207-D9D269A8933A}.Release|Any CPU.ActiveCfg = Release|Any CPU
		{4029C605-ACAD-44F7-8207-D9D269A8933A}.Release|Any CPU.Build.0 = Release|Any CPU
		{10DCB874-6779-4513-B74C-932887BB0F3D}.Debug|Any CPU.ActiveCfg = Debug|Any CPU
		{10DCB874-6779-4513-B74C-932887BB0F3D}.Debug|Any CPU.Build.0 = Debug|Any CPU
		{10DCB874-6779-4513-B74C-932887BB0F3D}.Release|Any CPU.ActiveCfg = Release|Any CPU
		{10DCB874-6779-4513-B74C-932887BB0F3D}.Release|Any CPU.Build.0 = Release|Any CPU
		{86C404DE-B7BD-4D60-B78C-EC0DBF098CF3}.Debug|Any CPU.ActiveCfg = Debug|Any CPU
		{86C404DE-B7BD-4D60-B78C-EC0DBF098CF3}.Debug|Any CPU.Build.0 = Debug|Any CPU
		{86C404DE-B7BD-4D60-B78C-EC0DBF098CF3}.Release|Any CPU.ActiveCfg = Release|Any CPU
		{86C404DE-B7BD-4D60-B78C-EC0DBF098CF3}.Release|Any CPU.Build.0 = Release|Any CPU
		{92BF2D78-EC2E-45A7-B8FF-8DDC89A6785D}.Debug|Any CPU.ActiveCfg = Debug|Any CPU
		{92BF2D78-EC2E-45A7-B8FF-8DDC89A6785D}.Debug|Any CPU.Build.0 = Debug|Any CPU
		{92BF2D78-EC2E-45A7-B8FF-8DDC89A6785D}.Release|Any CPU.ActiveCfg = Release|Any CPU
		{92BF2D78-EC2E-45A7-B8FF-8DDC89A6785D}.Release|Any CPU.Build.0 = Release|Any CPU
		{CD307E46-AD24-4FEE-8494-D6061EADE6B9}.Debug|Any CPU.ActiveCfg = Debug|Any CPU
		{CD307E46-AD24-4FEE-8494-D6061EADE6B9}.Debug|Any CPU.Build.0 = Debug|Any CPU
		{CD307E46-AD24-4FEE-8494-D6061EADE6B9}.Release|Any CPU.ActiveCfg = Release|Any CPU
		{CD307E46-AD24-4FEE-8494-D6061EADE6B9}.Release|Any CPU.Build.0 = Release|Any CPU
	EndGlobalSection
	GlobalSection(SolutionProperties) = preSolution
		HideSolutionNode = FALSE
	EndGlobalSection
	GlobalSection(ExtensibilityGlobals) = postSolution
		SolutionGuid = {B0633655-6520-47E0-BA89-B3720CFBF19A}
	EndGlobalSection
EndGlobal
