
Microsoft Visual Studio Solution File, Format Version 12.00
# Visual Studio Version 17
VisualStudioVersion = 17.5.33627.172
MinimumVisualStudioVersion = 10.0.40219.1
Project("{9A19103F-16F7-4668-BE54-9A1E7A4F7556}") = "matrix test", "matrix test\matrix test.csproj", "{2A35109F-7E27-45AA-8327-9E182B8B39D7}"
EndProject
Project("{9A19103F-16F7-4668-BE54-9A1E7A4F7556}") = "01.Sum Matrix Elements", "01.Sum Matrix Elements\01.Sum Matrix Elements.csproj", "{B5B34DB4-E0E5-47BC-B91E-824EAB316C1C}"
EndProject
Project("{9A19103F-16F7-4668-BE54-9A1E7A4F7556}") = "02.Sum Matrix Columns", "02.Sum Matrix Columns\02.Sum Matrix Columns.csproj", "{9E84BDDF-6848-46BC-9606-35B5A270A95D}"
EndProject
Project("{9A19103F-16F7-4668-BE54-9A1E7A4F7556}") = "03.Primary Diagonal", "03.Primary Diagonal\03.Primary Diagonal.csproj", "{250B3444-7452-4594-A533-A7521BF4A1B6}"
EndProject
Project("{9A19103F-16F7-4668-BE54-9A1E7A4F7556}") = "04.Symbol in Matrix", "04.Symbol in Matrix\04.Symbol in Matrix.csproj", "{740E8308-6C1D-4DF1-AF36-84D66D0EE55A}"
EndProject
Project("{9A19103F-16F7-4668-BE54-9A1E7A4F7556}") = "05.Square with Maximum Sum", "05.Square with Maximum Sum\05.Square with Maximum Sum.csproj", "{9AF37794-BD10-4546-8438-B83A56CA26E9}"
EndProject
Project("{9A19103F-16F7-4668-BE54-9A1E7A4F7556}") = "01.Diagonal Difference", "01.Diagonal Difference\01.Diagonal Difference.csproj", "{A562E15D-F893-4A9C-94CE-45569292902F}"
EndProject
Project("{9A19103F-16F7-4668-BE54-9A1E7A4F7556}") = "02.Squares in Matrix", "02.Squares in Matrix\02.Squares in Matrix.csproj", "{BA47D587-5EAD-450B-9D19-08F85EC2599C}"
EndProject
Project("{9A19103F-16F7-4668-BE54-9A1E7A4F7556}") = "03.Maximal Sum", "03.Maximal Sum\03.Maximal Sum.csproj", "{06EBA7A4-8A05-4456-AC2A-9BA849C90E62}"
EndProject
Project("{9A19103F-16F7-4668-BE54-9A1E7A4F7556}") = "04.Matrix Shuffling", "04.Matrix Shuffling\04.Matrix Shuffling.csproj", "{CA5EAFD7-B4A5-4980-AB87-4E10A801888B}"
EndProject
Project("{9A19103F-16F7-4668-BE54-9A1E7A4F7556}") = "05.Snake Moves", "05.Snake Moves\05.Snake Moves.csproj", "{05287D92-ED59-4034-B09E-FD90C756D7ED}"
EndProject
Project("{9A19103F-16F7-4668-BE54-9A1E7A4F7556}") = "06.Jagged Array Manipulator", "06.Jagged Array Manipulator\06.Jagged Array Manipulator.csproj", "{5579386E-EDA0-4F97-BE6A-BA10A97E7D43}"
EndProject
Project("{9A19103F-16F7-4668-BE54-9A1E7A4F7556}") = "07.Knight Game", "07.Knight Game\07.Knight Game.csproj", "{B1C4D7FA-E73C-4A3E-BF6C-B755A2B5FFAE}"
EndProject
Project("{FAE04EC0-301F-11D3-BF4B-00C04F79EFBC}") = "07.PascalTriangle", "07.PascalTriangle\07.PascalTriangle.csproj", "{972FE782-044E-4F86-9F9E-E57565C50A74}"
EndProject
Project("{FAE04EC0-301F-11D3-BF4B-00C04F79EFBC}") = "06.JaggedArrayModification", "06.JaggedArrayModification\06.JaggedArrayModification.csproj", "{219A60FF-11C7-4A9E-B0A5-DBD873A106EA}"
EndProject
Global
	GlobalSection(SolutionConfigurationPlatforms) = preSolution
		Debug|Any CPU = Debug|Any CPU
		Release|Any CPU = Release|Any CPU
	EndGlobalSection
	GlobalSection(ProjectConfigurationPlatforms) = postSolution
		{2A35109F-7E27-45AA-8327-9E182B8B39D7}.Debug|Any CPU.ActiveCfg = Debug|Any CPU
		{2A35109F-7E27-45AA-8327-9E182B8B39D7}.Debug|Any CPU.Build.0 = Debug|Any CPU
		{2A35109F-7E27-45AA-8327-9E182B8B39D7}.Release|Any CPU.ActiveCfg = Release|Any CPU
		{2A35109F-7E27-45AA-8327-9E182B8B39D7}.Release|Any CPU.Build.0 = Release|Any CPU
		{B5B34DB4-E0E5-47BC-B91E-824EAB316C1C}.Debug|Any CPU.ActiveCfg = Debug|Any CPU
		{B5B34DB4-E0E5-47BC-B91E-824EAB316C1C}.Debug|Any CPU.Build.0 = Debug|Any CPU
		{B5B34DB4-E0E5-47BC-B91E-824EAB316C1C}.Release|Any CPU.ActiveCfg = Release|Any CPU
		{B5B34DB4-E0E5-47BC-B91E-824EAB316C1C}.Release|Any CPU.Build.0 = Release|Any CPU
		{9E84BDDF-6848-46BC-9606-35B5A270A95D}.Debug|Any CPU.ActiveCfg = Debug|Any CPU
		{9E84BDDF-6848-46BC-9606-35B5A270A95D}.Debug|Any CPU.Build.0 = Debug|Any CPU
		{9E84BDDF-6848-46BC-9606-35B5A270A95D}.Release|Any CPU.ActiveCfg = Release|Any CPU
		{9E84BDDF-6848-46BC-9606-35B5A270A95D}.Release|Any CPU.Build.0 = Release|Any CPU
		{250B3444-7452-4594-A533-A7521BF4A1B6}.Debug|Any CPU.ActiveCfg = Debug|Any CPU
		{250B3444-7452-4594-A533-A7521BF4A1B6}.Debug|Any CPU.Build.0 = Debug|Any CPU
		{250B3444-7452-4594-A533-A7521BF4A1B6}.Release|Any CPU.ActiveCfg = Release|Any CPU
		{250B3444-7452-4594-A533-A7521BF4A1B6}.Release|Any CPU.Build.0 = Release|Any CPU
		{740E8308-6C1D-4DF1-AF36-84D66D0EE55A}.Debug|Any CPU.ActiveCfg = Debug|Any CPU
		{740E8308-6C1D-4DF1-AF36-84D66D0EE55A}.Debug|Any CPU.Build.0 = Debug|Any CPU
		{740E8308-6C1D-4DF1-AF36-84D66D0EE55A}.Release|Any CPU.ActiveCfg = Release|Any CPU
		{740E8308-6C1D-4DF1-AF36-84D66D0EE55A}.Release|Any CPU.Build.0 = Release|Any CPU
		{9AF37794-BD10-4546-8438-B83A56CA26E9}.Debug|Any CPU.ActiveCfg = Debug|Any CPU
		{9AF37794-BD10-4546-8438-B83A56CA26E9}.Debug|Any CPU.Build.0 = Debug|Any CPU
		{9AF37794-BD10-4546-8438-B83A56CA26E9}.Release|Any CPU.ActiveCfg = Release|Any CPU
		{9AF37794-BD10-4546-8438-B83A56CA26E9}.Release|Any CPU.Build.0 = Release|Any CPU
		{A562E15D-F893-4A9C-94CE-45569292902F}.Debug|Any CPU.ActiveCfg = Debug|Any CPU
		{A562E15D-F893-4A9C-94CE-45569292902F}.Debug|Any CPU.Build.0 = Debug|Any CPU
		{A562E15D-F893-4A9C-94CE-45569292902F}.Release|Any CPU.ActiveCfg = Release|Any CPU
		{A562E15D-F893-4A9C-94CE-45569292902F}.Release|Any CPU.Build.0 = Release|Any CPU
		{BA47D587-5EAD-450B-9D19-08F85EC2599C}.Debug|Any CPU.ActiveCfg = Debug|Any CPU
		{BA47D587-5EAD-450B-9D19-08F85EC2599C}.Debug|Any CPU.Build.0 = Debug|Any CPU
		{BA47D587-5EAD-450B-9D19-08F85EC2599C}.Release|Any CPU.ActiveCfg = Release|Any CPU
		{BA47D587-5EAD-450B-9D19-08F85EC2599C}.Release|Any CPU.Build.0 = Release|Any CPU
		{06EBA7A4-8A05-4456-AC2A-9BA849C90E62}.Debug|Any CPU.ActiveCfg = Debug|Any CPU
		{06EBA7A4-8A05-4456-AC2A-9BA849C90E62}.Debug|Any CPU.Build.0 = Debug|Any CPU
		{06EBA7A4-8A05-4456-AC2A-9BA849C90E62}.Release|Any CPU.ActiveCfg = Release|Any CPU
		{06EBA7A4-8A05-4456-AC2A-9BA849C90E62}.Release|Any CPU.Build.0 = Release|Any CPU
		{CA5EAFD7-B4A5-4980-AB87-4E10A801888B}.Debug|Any CPU.ActiveCfg = Debug|Any CPU
		{CA5EAFD7-B4A5-4980-AB87-4E10A801888B}.Debug|Any CPU.Build.0 = Debug|Any CPU
		{CA5EAFD7-B4A5-4980-AB87-4E10A801888B}.Release|Any CPU.ActiveCfg = Release|Any CPU
		{CA5EAFD7-B4A5-4980-AB87-4E10A801888B}.Release|Any CPU.Build.0 = Release|Any CPU
		{05287D92-ED59-4034-B09E-FD90C756D7ED}.Debug|Any CPU.ActiveCfg = Debug|Any CPU
		{05287D92-ED59-4034-B09E-FD90C756D7ED}.Debug|Any CPU.Build.0 = Debug|Any CPU
		{05287D92-ED59-4034-B09E-FD90C756D7ED}.Release|Any CPU.ActiveCfg = Release|Any CPU
		{05287D92-ED59-4034-B09E-FD90C756D7ED}.Release|Any CPU.Build.0 = Release|Any CPU
		{5579386E-EDA0-4F97-BE6A-BA10A97E7D43}.Debug|Any CPU.ActiveCfg = Debug|Any CPU
		{5579386E-EDA0-4F97-BE6A-BA10A97E7D43}.Debug|Any CPU.Build.0 = Debug|Any CPU
		{5579386E-EDA0-4F97-BE6A-BA10A97E7D43}.Release|Any CPU.ActiveCfg = Release|Any CPU
		{5579386E-EDA0-4F97-BE6A-BA10A97E7D43}.Release|Any CPU.Build.0 = Release|Any CPU
		{B1C4D7FA-E73C-4A3E-BF6C-B755A2B5FFAE}.Debug|Any CPU.ActiveCfg = Debug|Any CPU
		{B1C4D7FA-E73C-4A3E-BF6C-B755A2B5FFAE}.Debug|Any CPU.Build.0 = Debug|Any CPU
		{B1C4D7FA-E73C-4A3E-BF6C-B755A2B5FFAE}.Release|Any CPU.ActiveCfg = Release|Any CPU
		{B1C4D7FA-E73C-4A3E-BF6C-B755A2B5FFAE}.Release|Any CPU.Build.0 = Release|Any CPU
		{972FE782-044E-4F86-9F9E-E57565C50A74}.Debug|Any CPU.ActiveCfg = Debug|Any CPU
		{972FE782-044E-4F86-9F9E-E57565C50A74}.Debug|Any CPU.Build.0 = Debug|Any CPU
		{972FE782-044E-4F86-9F9E-E57565C50A74}.Release|Any CPU.ActiveCfg = Release|Any CPU
		{972FE782-044E-4F86-9F9E-E57565C50A74}.Release|Any CPU.Build.0 = Release|Any CPU
		{219A60FF-11C7-4A9E-B0A5-DBD873A106EA}.Debug|Any CPU.ActiveCfg = Debug|Any CPU
		{219A60FF-11C7-4A9E-B0A5-DBD873A106EA}.Debug|Any CPU.Build.0 = Debug|Any CPU
		{219A60FF-11C7-4A9E-B0A5-DBD873A106EA}.Release|Any CPU.ActiveCfg = Release|Any CPU
		{219A60FF-11C7-4A9E-B0A5-DBD873A106EA}.Release|Any CPU.Build.0 = Release|Any CPU
	EndGlobalSection
	GlobalSection(SolutionProperties) = preSolution
		HideSolutionNode = FALSE
	EndGlobalSection
	GlobalSection(ExtensibilityGlobals) = postSolution
		SolutionGuid = {3959B426-3F33-4A00-A477-9DE3D6314F36}
	EndGlobalSection
EndGlobal
