
Microsoft Visual Studio Solution File, Format Version 12.00
# Visual Studio Version 17
VisualStudioVersion = 17.5.33627.172
MinimumVisualStudioVersion = 10.0.40219.1
Project("{9A19103F-16F7-4668-BE54-9A1E7A4F7556}") = "OffroadChallange", "OffroadChallange\OffroadChallange.csproj", "{9B5C382E-2B30-4865-83F6-130D0E390E31}"
EndProject
Project("{9A19103F-16F7-4668-BE54-9A1E7A4F7556}") = "FishingCompetition", "FishingCompetition\FishingCompetition.csproj", "{1330BCE8-69C5-4DA8-92BD-B205A0EB6C38}"
EndProject
Project("{FAE04EC0-301F-11D3-BF4B-00C04F79EFBC}") = "MailClient", "MailClient\MailClient.csproj", "{6098B625-34B6-46D0-93C2-B477C5136858}"
EndProject
Global
	GlobalSection(SolutionConfigurationPlatforms) = preSolution
		Debug|Any CPU = Debug|Any CPU
		Release|Any CPU = Release|Any CPU
	EndGlobalSection
	GlobalSection(ProjectConfigurationPlatforms) = postSolution
		{9B5C382E-2B30-4865-83F6-130D0E390E31}.Debug|Any CPU.ActiveCfg = Debug|Any CPU
		{9B5C382E-2B30-4865-83F6-130D0E390E31}.Debug|Any CPU.Build.0 = Debug|Any CPU
		{9B5C382E-2B30-4865-83F6-130D0E390E31}.Release|Any CPU.ActiveCfg = Release|Any CPU
		{9B5C382E-2B30-4865-83F6-130D0E390E31}.Release|Any CPU.Build.0 = Release|Any CPU
		{1330BCE8-69C5-4DA8-92BD-B205A0EB6C38}.Debug|Any CPU.ActiveCfg = Debug|Any CPU
		{1330BCE8-69C5-4DA8-92BD-B205A0EB6C38}.Debug|Any CPU.Build.0 = Debug|Any CPU
		{1330BCE8-69C5-4DA8-92BD-B205A0EB6C38}.Release|Any CPU.ActiveCfg = Release|Any CPU
		{1330BCE8-69C5-4DA8-92BD-B205A0EB6C38}.Release|Any CPU.Build.0 = Release|Any CPU
		{6098B625-34B6-46D0-93C2-B477C5136858}.Debug|Any CPU.ActiveCfg = Debug|Any CPU
		{6098B625-34B6-46D0-93C2-B477C5136858}.Debug|Any CPU.Build.0 = Debug|Any CPU
		{6098B625-34B6-46D0-93C2-B477C5136858}.Release|Any CPU.ActiveCfg = Release|Any CPU
		{6098B625-34B6-46D0-93C2-B477C5136858}.Release|Any CPU.Build.0 = Release|Any CPU
	EndGlobalSection
	GlobalSection(SolutionProperties) = preSolution
		HideSolutionNode = FALSE
	EndGlobalSection
	GlobalSection(ExtensibilityGlobals) = postSolution
		SolutionGuid = {3957DD93-6114-4033-A78E-234A16B4C218}
	EndGlobalSection
EndGlobal
