
Microsoft Visual Studio Solution File, Format Version 12.00
# Visual Studio Version 17
VisualStudioVersion = 17.5.33627.172
MinimumVisualStudioVersion = 10.0.40219.1
Project("{9A19103F-16F7-4668-BE54-9A1E7A4F7556}") = "CarManufacturer", "CarManufacturer\CarManufacturer.csproj", "{310E88A5-9C3C-4AB7-8C32-BA25ECB8A0D4}"
EndProject
Project("{FAE04EC0-301F-11D3-BF4B-00C04F79EFBC}") = "SpecialCars", "SpecialCars\SpecialCars.csproj", "{9FA2888C-01CF-4960-B7CB-8E21B6312FA2}"
EndProject
Global
	GlobalSection(SolutionConfigurationPlatforms) = preSolution
		Debug|Any CPU = Debug|Any CPU
		Release|Any CPU = Release|Any CPU
	EndGlobalSection
	GlobalSection(ProjectConfigurationPlatforms) = postSolution
		{310E88A5-9C3C-4AB7-8C32-BA25ECB8A0D4}.Debug|Any CPU.ActiveCfg = Debug|Any CPU
		{310E88A5-9C3C-4AB7-8C32-BA25ECB8A0D4}.Debug|Any CPU.Build.0 = Debug|Any CPU
		{310E88A5-9C3C-4AB7-8C32-BA25ECB8A0D4}.Release|Any CPU.ActiveCfg = Release|Any CPU
		{310E88A5-9C3C-4AB7-8C32-BA25ECB8A0D4}.Release|Any CPU.Build.0 = Release|Any CPU
		{9FA2888C-01CF-4960-B7CB-8E21B6312FA2}.Debug|Any CPU.ActiveCfg = Debug|Any CPU
		{9FA2888C-01CF-4960-B7CB-8E21B6312FA2}.Debug|Any CPU.Build.0 = Debug|Any CPU
		{9FA2888C-01CF-4960-B7CB-8E21B6312FA2}.Release|Any CPU.ActiveCfg = Release|Any CPU
		{9FA2888C-01CF-4960-B7CB-8E21B6312FA2}.Release|Any CPU.Build.0 = Release|Any CPU
	EndGlobalSection
	GlobalSection(SolutionProperties) = preSolution
		HideSolutionNode = FALSE
	EndGlobalSection
	GlobalSection(ExtensibilityGlobals) = postSolution
		SolutionGuid = {5A55AF89-F588-4602-A91E-13567506ADA1}
	EndGlobalSection
EndGlobal
